
Microsoft Visual Studio Solution File, Format Version 12.00
# Visual Studio Version 16
VisualStudioVersion = 16.0.30320.27
MinimumVisualStudioVersion = 10.0.40219.1
Project("{FAE04EC0-301F-11D3-BF4B-00C04F79EFBC}") = "YandexDirectAPI.Net", "YandexDirectAPI.Net\YandexDirectAPI.Net.csproj", "{2FC7B49A-2545-4BC6-972A-9205A28F27C4}"
EndProject
Global
	GlobalSection(SolutionConfigurationPlatforms) = preSolution
		Debug|Any CPU = Debug|Any CPU
		Release|Any CPU = Release|Any CPU
	EndGlobalSection
	GlobalSection(ProjectConfigurationPlatforms) = postSolution
		{2FC7B49A-2545-4BC6-972A-9205A28F27C4}.Debug|Any CPU.ActiveCfg = Debug|Any CPU
		{2FC7B49A-2545-4BC6-972A-9205A28F27C4}.Debug|Any CPU.Build.0 = Debug|Any CPU
		{2FC7B49A-2545-4BC6-972A-9205A28F27C4}.Release|Any CPU.ActiveCfg = Release|Any CPU
		{2FC7B49A-2545-4BC6-972A-9205A28F27C4}.Release|Any CPU.Build.0 = Release|Any CPU
	EndGlobalSection
	GlobalSection(SolutionProperties) = preSolution
		HideSolutionNode = FALSE
	EndGlobalSection
	GlobalSection(ExtensibilityGlobals) = postSolution
		SolutionGuid = {FA0B2AA7-9255-4FEC-B5A4-9EA262CBEAC4}
	EndGlobalSection
EndGlobal
